// !$*UTF8*$!
{
	archiveVersion = 1;
	classes = {
	};
	objectVersion = 56;
	objects = {

/* Begin PBXBuildFile section */
		780959D12A02A78B0043E722 /* AppDelegate.swift in Sources */ = {isa = PBXBuildFile; fileRef = 780959D02A02A78B0043E722 /* AppDelegate.swift */; };
		780959D32A02A78B0043E722 /* SceneDelegate.swift in Sources */ = {isa = PBXBuildFile; fileRef = 780959D22A02A78B0043E722 /* SceneDelegate.swift */; };
		780959D52A02A78B0043E722 /* ViewController.swift in Sources */ = {isa = PBXBuildFile; fileRef = 780959D42A02A78B0043E722 /* ViewController.swift */; };
		780959D82A02A78B0043E722 /* Main.storyboard in Resources */ = {isa = PBXBuildFile; fileRef = 780959D62A02A78B0043E722 /* Main.storyboard */; };
		780959DA2A02A78C0043E722 /* Assets.xcassets in Resources */ = {isa = PBXBuildFile; fileRef = 780959D92A02A78C0043E722 /* Assets.xcassets */; };
		780959DD2A02A78C0043E722 /* LaunchScreen.storyboard in Resources */ = {isa = PBXBuildFile; fileRef = 780959DB2A02A78C0043E722 /* LaunchScreen.storyboard */; };
		780959E92A02A9010043E722 /* SpringModel.swift in Sources */ = {isa = PBXBuildFile; fileRef = 780959E82A02A9010043E722 /* SpringModel.swift */; };
		780959ED2A02A9440043E722 /* SpringAnimation in Frameworks */ = {isa = PBXBuildFile; productRef = 780959EC2A02A9440043E722 /* SpringAnimation */; };
		780959EF2A02AED00043E722 /* DataStore.swift in Sources */ = {isa = PBXBuildFile; fileRef = 780959EE2A02AED00043E722 /* DataStore.swift */; };
/* End PBXBuildFile section */

/* Begin PBXFileReference section */
		780959CD2A02A78B0043E722 /* RandomSpringAnimation.app */ = {isa = PBXFileReference; explicitFileType = wrapper.application; includeInIndex = 0; path = RandomSpringAnimation.app; sourceTree = BUILT_PRODUCTS_DIR; };
		780959D02A02A78B0043E722 /* AppDelegate.swift */ = {isa = PBXFileReference; lastKnownFileType = sourcecode.swift; path = AppDelegate.swift; sourceTree = "<group>"; };
		780959D22A02A78B0043E722 /* SceneDelegate.swift */ = {isa = PBXFileReference; lastKnownFileType = sourcecode.swift; path = SceneDelegate.swift; sourceTree = "<group>"; };
		780959D42A02A78B0043E722 /* ViewController.swift */ = {isa = PBXFileReference; lastKnownFileType = sourcecode.swift; path = ViewController.swift; sourceTree = "<group>"; };
		780959D72A02A78B0043E722 /* Base */ = {isa = PBXFileReference; lastKnownFileType = file.storyboard; name = Base; path = Base.lproj/Main.storyboard; sourceTree = "<group>"; };
		780959D92A02A78C0043E722 /* Assets.xcassets */ = {isa = PBXFileReference; lastKnownFileType = folder.assetcatalog; path = Assets.xcassets; sourceTree = "<group>"; };
		780959DC2A02A78C0043E722 /* Base */ = {isa = PBXFileReference; lastKnownFileType = file.storyboard; name = Base; path = Base.lproj/LaunchScreen.storyboard; sourceTree = "<group>"; };
		780959DE2A02A78C0043E722 /* Info.plist */ = {isa = PBXFileReference; lastKnownFileType = text.plist.xml; path = Info.plist; sourceTree = "<group>"; };
		780959E82A02A9010043E722 /* SpringModel.swift */ = {isa = PBXFileReference; lastKnownFileType = sourcecode.swift; path = SpringModel.swift; sourceTree = "<group>"; };
		780959EE2A02AED00043E722 /* DataStore.swift */ = {isa = PBXFileReference; lastKnownFileType = sourcecode.swift; path = DataStore.swift; sourceTree = "<group>"; };
/* End PBXFileReference section */

/* Begin PBXFrameworksBuildPhase section */
		780959CA2A02A78B0043E722 /* Frameworks */ = {
			isa = PBXFrameworksBuildPhase;
			buildActionMask = 2147483647;
			files = (
				780959ED2A02A9440043E722 /* SpringAnimation in Frameworks */,
			);
			runOnlyForDeploymentPostprocessing = 0;
		};
/* End PBXFrameworksBuildPhase section */

/* Begin PBXGroup section */
		780959C42A02A78B0043E722 = {
			isa = PBXGroup;
			children = (
				780959CF2A02A78B0043E722 /* RandomSpringAnimation */,
				780959CE2A02A78B0043E722 /* Products */,
			);
			sourceTree = "<group>";
		};
		780959CE2A02A78B0043E722 /* Products */ = {
			isa = PBXGroup;
			children = (
				780959CD2A02A78B0043E722 /* RandomSpringAnimation.app */,
			);
			name = Products;
			sourceTree = "<group>";
		};
		780959CF2A02A78B0043E722 /* RandomSpringAnimation */ = {
			isa = PBXGroup;
			children = (
				780959E72A02A8DF0043E722 /* ViewControllers */,
				780959E52A02A8C50043E722 /* Storyboards */,
				780959E62A02A8D10043E722 /* Resources */,
				780959F02A02AEDD0043E722 /* Services */,
				780959EA2A02A90D0043E722 /* Models */,
				780959E42A02A8B60043E722 /* App */,
			);
			path = RandomSpringAnimation;
			sourceTree = "<group>";
		};
		780959E42A02A8B60043E722 /* App */ = {
			isa = PBXGroup;
			children = (
				780959D02A02A78B0043E722 /* AppDelegate.swift */,
				780959D22A02A78B0043E722 /* SceneDelegate.swift */,
				780959DE2A02A78C0043E722 /* Info.plist */,
			);
			path = App;
			sourceTree = "<group>";
		};
		780959E52A02A8C50043E722 /* Storyboards */ = {
			isa = PBXGroup;
			children = (
				780959D62A02A78B0043E722 /* Main.storyboard */,
				780959DB2A02A78C0043E722 /* LaunchScreen.storyboard */,
			);
			path = Storyboards;
			sourceTree = "<group>";
		};
		780959E62A02A8D10043E722 /* Resources */ = {
			isa = PBXGroup;
			children = (
				780959D92A02A78C0043E722 /* Assets.xcassets */,
			);
			path = Resources;
			sourceTree = "<group>";
		};
		780959E72A02A8DF0043E722 /* ViewControllers */ = {
			isa = PBXGroup;
			children = (
				780959D42A02A78B0043E722 /* ViewController.swift */,
			);
			path = ViewControllers;
			sourceTree = "<group>";
		};
		780959EA2A02A90D0043E722 /* Models */ = {
			isa = PBXGroup;
			children = (
				780959E82A02A9010043E722 /* SpringModel.swift */,
			);
			path = Models;
			sourceTree = "<group>";
		};
		780959F02A02AEDD0043E722 /* Services */ = {
			isa = PBXGroup;
			children = (
				780959EE2A02AED00043E722 /* DataStore.swift */,
			);
			path = Services;
			sourceTree = "<group>";
		};
/* End PBXGroup section */

/* Begin PBXNativeTarget section */
		780959CC2A02A78B0043E722 /* RandomSpringAnimation */ = {
			isa = PBXNativeTarget;
			buildConfigurationList = 780959E12A02A78C0043E722 /* Build configuration list for PBXNativeTarget "RandomSpringAnimation" */;
			buildPhases = (
				780959C92A02A78B0043E722 /* Sources */,
				780959CA2A02A78B0043E722 /* Frameworks */,
				780959CB2A02A78B0043E722 /* Resources */,
			);
			buildRules = (
			);
			dependencies = (
			);
			name = RandomSpringAnimation;
			packageProductDependencies = (
				780959EC2A02A9440043E722 /* SpringAnimation */,
			);
			productName = RandomSpringAnimation;
			productReference = 780959CD2A02A78B0043E722 /* RandomSpringAnimation.app */;
			productType = "com.apple.product-type.application";
		};
/* End PBXNativeTarget section */

/* Begin PBXProject section */
		780959C52A02A78B0043E722 /* Project object */ = {
			isa = PBXProject;
			attributes = {
				BuildIndependentTargetsInParallel = 1;
				LastSwiftUpdateCheck = 1420;
				LastUpgradeCheck = 1420;
				TargetAttributes = {
					780959CC2A02A78B0043E722 = {
						CreatedOnToolsVersion = 14.2;
					};
				};
			};
			buildConfigurationList = 780959C82A02A78B0043E722 /* Build configuration list for PBXProject "RandomSpringAnimation" */;
			compatibilityVersion = "Xcode 14.0";
			developmentRegion = en;
			hasScannedForEncodings = 0;
			knownRegions = (
				en,
				Base,
			);
			mainGroup = 780959C42A02A78B0043E722;
			packageReferences = (
				780959EB2A02A9440043E722 /* XCRemoteSwiftPackageReference "SpringAnimation" */,
			);
			productRefGroup = 780959CE2A02A78B0043E722 /* Products */;
			projectDirPath = "";
			projectRoot = "";
			targets = (
				780959CC2A02A78B0043E722 /* RandomSpringAnimation */,
			);
		};
/* End PBXProject section */

/* Begin PBXResourcesBuildPhase section */
		780959CB2A02A78B0043E722 /* Resources */ = {
			isa = PBXResourcesBuildPhase;
			buildActionMask = 2147483647;
			files = (
				780959DD2A02A78C0043E722 /* LaunchScreen.storyboard in Resources */,
				780959DA2A02A78C0043E722 /* Assets.xcassets in Resources */,
				780959D82A02A78B0043E722 /* Main.storyboard in Resources */,
			);
			runOnlyForDeploymentPostprocessing = 0;
		};
/* End PBXResourcesBuildPhase section */

/* Begin PBXSourcesBuildPhase section */
		780959C92A02A78B0043E722 /* Sources */ = {
			isa = PBXSourcesBuildPhase;
			buildActionMask = 2147483647;
			files = (
				780959E92A02A9010043E722 /* SpringModel.swift in Sources */,
				780959D52A02A78B0043E722 /* ViewController.swift in Sources */,
				780959D12A02A78B0043E722 /* AppDelegate.swift in Sources */,
				780959EF2A02AED00043E722 /* DataStore.swift in Sources */,
				780959D32A02A78B0043E722 /* SceneDelegate.swift in Sources */,
			);
			runOnlyForDeploymentPostprocessing = 0;
		};
/* End PBXSourcesBuildPhase section */

/* Begin PBXVariantGroup section */
		780959D62A02A78B0043E722 /* Main.storyboard */ = {
			isa = PBXVariantGroup;
			children = (
				780959D72A02A78B0043E722 /* Base */,
			);
			name = Main.storyboard;
			sourceTree = "<group>";
		};
		780959DB2A02A78C0043E722 /* LaunchScreen.storyboard */ = {
			isa = PBXVariantGroup;
			children = (
				780959DC2A02A78C0043E722 /* Base */,
			);
			name = LaunchScreen.storyboard;
			sourceTree = "<group>";
		};
/* End PBXVariantGroup section */

/* Begin XCBuildConfiguration section */
		780959DF2A02A78C0043E722 /* Debug */ = {
			isa = XCBuildConfiguration;
			buildSettings = {
				ALWAYS_SEARCH_USER_PATHS = NO;
				CLANG_ANALYZER_NONNULL = YES;
				CLANG_ANALYZER_NUMBER_OBJECT_CONVERSION = YES_AGGRESSIVE;
				CLANG_CXX_LANGUAGE_STANDARD = "gnu++20";
				CLANG_ENABLE_MODULES = YES;
				CLANG_ENABLE_OBJC_ARC = YES;
				CLANG_ENABLE_OBJC_WEAK = YES;
				CLANG_WARN_BLOCK_CAPTURE_AUTORELEASING = YES;
				CLANG_WARN_BOOL_CONVERSION = YES;
				CLANG_WARN_COMMA = YES;
				CLANG_WARN_CONSTANT_CONVERSION = YES;
				CLANG_WARN_DEPRECATED_OBJC_IMPLEMENTATIONS = YES;
				CLANG_WARN_DIRECT_OBJC_ISA_USAGE = YES_ERROR;
				CLANG_WARN_DOCUMENTATION_COMMENTS = YES;
				CLANG_WARN_EMPTY_BODY = YES;
				CLANG_WARN_ENUM_CONVERSION = YES;
				CLANG_WARN_INFINITE_RECURSION = YES;
				CLANG_WARN_INT_CONVERSION = YES;
				CLANG_WARN_NON_LITERAL_NULL_CONVERSION = YES;
				CLANG_WARN_OBJC_IMPLICIT_RETAIN_SELF = YES;
				CLANG_WARN_OBJC_LITERAL_CONVERSION = YES;
				CLANG_WARN_OBJC_ROOT_CLASS = YES_ERROR;
				CLANG_WARN_QUOTED_INCLUDE_IN_FRAMEWORK_HEADER = YES;
				CLANG_WARN_RANGE_LOOP_ANALYSIS = YES;
				CLANG_WARN_STRICT_PROTOTYPES = YES;
				CLANG_WARN_SUSPICIOUS_MOVE = YES;
				CLANG_WARN_UNGUARDED_AVAILABILITY = YES_AGGRESSIVE;
				CLANG_WARN_UNREACHABLE_CODE = YES;
				CLANG_WARN__DUPLICATE_METHOD_MATCH = YES;
				COPY_PHASE_STRIP = NO;
				DEBUG_INFORMATION_FORMAT = dwarf;
				ENABLE_STRICT_OBJC_MSGSEND = YES;
				ENABLE_TESTABILITY = YES;
				GCC_C_LANGUAGE_STANDARD = gnu11;
				GCC_DYNAMIC_NO_PIC = NO;
				GCC_NO_COMMON_BLOCKS = YES;
				GCC_OPTIMIZATION_LEVEL = 0;
				GCC_PREPROCESSOR_DEFINITIONS = (
					"DEBUG=1",
					"$(inherited)",
				);
				GCC_WARN_64_TO_32_BIT_CONVERSION = YES;
				GCC_WARN_ABOUT_RETURN_TYPE = YES_ERROR;
				GCC_WARN_UNDECLARED_SELECTOR = YES;
				GCC_WARN_UNINITIALIZED_AUTOS = YES_AGGRESSIVE;
				GCC_WARN_UNUSED_FUNCTION = YES;
				GCC_WARN_UNUSED_VARIABLE = YES;
				IPHONEOS_DEPLOYMENT_TARGET = 16.2;
				MTL_ENABLE_DEBUG_INFO = INCLUDE_SOURCE;
				MTL_FAST_MATH = YES;
				ONLY_ACTIVE_ARCH = YES;
				SDKROOT = iphoneos;
				SWIFT_ACTIVE_COMPILATION_CONDITIONS = DEBUG;
				SWIFT_OPTIMIZATION_LEVEL = "-Onone";
			};
			name = Debug;
		};
		780959E02A02A78C0043E722 /* Release */ = {
			isa = XCBuildConfiguration;
			buildSettings = {
				ALWAYS_SEARCH_USER_PATHS = NO;
				CLANG_ANALYZER_NONNULL = YES;
				CLANG_ANALYZER_NUMBER_OBJECT_CONVERSION = YES_AGGRESSIVE;
				CLANG_CXX_LANGUAGE_STANDARD = "gnu++20";
				CLANG_ENABLE_MODULES = YES;
				CLANG_ENABLE_OBJC_ARC = YES;
				CLANG_ENABLE_OBJC_WEAK = YES;
				CLANG_WARN_BLOCK_CAPTURE_AUTORELEASING = YES;
				CLANG_WARN_BOOL_CONVERSION = YES;
				CLANG_WARN_COMMA = YES;
				CLANG_WARN_CONSTANT_CONVERSION = YES;
				CLANG_WARN_DEPRECATED_OBJC_IMPLEMENTATIONS = YES;
				CLANG_WARN_DIRECT_OBJC_ISA_USAGE = YES_ERROR;
				CLANG_WARN_DOCUMENTATION_COMMENTS = YES;
				CLANG_WARN_EMPTY_BODY = YES;
				CLANG_WARN_ENUM_CONVERSION = YES;
				CLANG_WARN_INFINITE_RECURSION = YES;
				CLANG_WARN_INT_CONVERSION = YES;
				CLANG_WARN_NON_LITERAL_NULL_CONVERSION = YES;
				CLANG_WARN_OBJC_IMPLICIT_RETAIN_SELF = YES;
				CLANG_WARN_OBJC_LITERAL_CONVERSION = YES;
				CLANG_WARN_OBJC_ROOT_CLASS = YES_ERROR;
				CLANG_WARN_QUOTED_INCLUDE_IN_FRAMEWORK_HEADER = YES;
				CLANG_WARN_RANGE_LOOP_ANALYSIS = YES;
				CLANG_WARN_STRICT_PROTOTYPES = YES;
				CLANG_WARN_SUSPICIOUS_MOVE = YES;
				CLANG_WARN_UNGUARDED_AVAILABILITY = YES_AGGRESSIVE;
				CLANG_WARN_UNREACHABLE_CODE = YES;
				CLANG_WARN__DUPLICATE_METHOD_MATCH = YES;
				COPY_PHASE_STRIP = NO;
				DEBUG_INFORMATION_FORMAT = "dwarf-with-dsym";
				ENABLE_NS_ASSERTIONS = NO;
				ENABLE_STRICT_OBJC_MSGSEND = YES;
				GCC_C_LANGUAGE_STANDARD = gnu11;
				GCC_NO_COMMON_BLOCKS = YES;
				GCC_WARN_64_TO_32_BIT_CONVERSION = YES;
				GCC_WARN_ABOUT_RETURN_TYPE = YES_ERROR;
				GCC_WARN_UNDECLARED_SELECTOR = YES;
				GCC_WARN_UNINITIALIZED_AUTOS = YES_AGGRESSIVE;
				GCC_WARN_UNUSED_FUNCTION = YES;
				GCC_WARN_UNUSED_VARIABLE = YES;
				IPHONEOS_DEPLOYMENT_TARGET = 16.2;
				MTL_ENABLE_DEBUG_INFO = NO;
				MTL_FAST_MATH = YES;
				SDKROOT = iphoneos;
				SWIFT_COMPILATION_MODE = wholemodule;
				SWIFT_OPTIMIZATION_LEVEL = "-O";
				VALIDATE_PRODUCT = YES;
			};
			name = Release;
		};
		780959E22A02A78C0043E722 /* Debug */ = {
			isa = XCBuildConfiguration;
			buildSettings = {
				ASSETCATALOG_COMPILER_APPICON_NAME = AppIcon;
				ASSETCATALOG_COMPILER_GLOBAL_ACCENT_COLOR_NAME = AccentColor;
				CODE_SIGN_STYLE = Automatic;
				CURRENT_PROJECT_VERSION = 1;
				DEVELOPMENT_TEAM = 25H4N2RW85;
				GENERATE_INFOPLIST_FILE = YES;
				INFOPLIST_FILE = RandomSpringAnimation/App/Info.plist;
				INFOPLIST_KEY_UIApplicationSupportsIndirectInputEvents = YES;
				INFOPLIST_KEY_UILaunchStoryboardName = LaunchScreen;
				INFOPLIST_KEY_UIMainStoryboardFile = Main;
				INFOPLIST_KEY_UISupportedInterfaceOrientations = UIInterfaceOrientationPortrait;
				INFOPLIST_KEY_UISupportedInterfaceOrientations_iPad = "UIInterfaceOrientationLandscapeLeft UIInterfaceOrientationLandscapeRight UIInterfaceOrientationPortrait UIInterfaceOrientationPortraitUpsideDown";
				IPHONEOS_DEPLOYMENT_TARGET = 15.5;
				LD_RUNPATH_SEARCH_PATHS = (
					"$(inherited)",
					"@executable_path/Frameworks",
				);
				MARKETING_VERSION = 1.0;
				PRODUCT_BUNDLE_IDENTIFIER = rukahand.RandomSpringAnimation;
				PRODUCT_NAME = "$(TARGET_NAME)";
				SUPPORTED_PLATFORMS = "iphoneos iphonesimulator";
				SUPPORTS_MACCATALYST = NO;
				SUPPORTS_MAC_DESIGNED_FOR_IPHONE_IPAD = NO;
				SWIFT_EMIT_LOC_STRINGS = YES;
				SWIFT_VERSION = 5.0;
				TARGETED_DEVICE_FAMILY = 1;
			};
			name = Debug;
		};
		780959E32A02A78C0043E722 /* Release */ = {
			isa = XCBuildConfiguration;
			buildSettings = {
				ASSETCATALOG_COMPILER_APPICON_NAME = AppIcon;
				ASSETCATALOG_COMPILER_GLOBAL_ACCENT_COLOR_NAME = AccentColor;
				CODE_SIGN_STYLE = Automatic;
				CURRENT_PROJECT_VERSION = 1;
				DEVELOPMENT_TEAM = 25H4N2RW85;
				GENERATE_INFOPLIST_FILE = YES;
				INFOPLIST_FILE = RandomSpringAnimation/App/Info.plist;
				INFOPLIST_KEY_UIApplicationSupportsIndirectInputEvents = YES;
				INFOPLIST_KEY_UILaunchStoryboardName = LaunchScreen;
				INFOPLIST_KEY_UIMainStoryboardFile = Main;
				INFOPLIST_KEY_UISupportedInterfaceOrientations = UIInterfaceOrientationPortrait;
				INFOPLIST_KEY_UISupportedInterfaceOrientations_iPad = "UIInterfaceOrientationLandscapeLeft UIInterfaceOrientationLandscapeRight UIInterfaceOrientationPortrait UIInterfaceOrientationPortraitUpsideDown";
				IPHONEOS_DEPLOYMENT_TARGET = 15.5;
				LD_RUNPATH_SEARCH_PATHS = (
					"$(inherited)",
					"@executable_path/Frameworks",
				);
				MARKETING_VERSION = 1.0;
				PRODUCT_BUNDLE_IDENTIFIER = rukahand.RandomSpringAnimation;
				PRODUCT_NAME = "$(TARGET_NAME)";
				SUPPORTED_PLATFORMS = "iphoneos iphonesimulator";
				SUPPORTS_MACCATALYST = NO;
				SUPPORTS_MAC_DESIGNED_FOR_IPHONE_IPAD = NO;
				SWIFT_EMIT_LOC_STRINGS = YES;
				SWIFT_VERSION = 5.0;
				TARGETED_DEVICE_FAMILY = 1;
			};
			name = Release;
		};
/* End XCBuildConfiguration section */

/* Begin XCConfigurationList section */
		780959C82A02A78B0043E722 /* Build configuration list for PBXProject "RandomSpringAnimation" */ = {
			isa = XCConfigurationList;
			buildConfigurations = (
				780959DF2A02A78C0043E722 /* Debug */,
				780959E02A02A78C0043E722 /* Release */,
			);
			defaultConfigurationIsVisible = 0;
			defaultConfigurationName = Release;
		};
		780959E12A02A78C0043E722 /* Build configuration list for PBXNativeTarget "RandomSpringAnimation" */ = {
			isa = XCConfigurationList;
			buildConfigurations = (
				780959E22A02A78C0043E722 /* Debug */,
				780959E32A02A78C0043E722 /* Release */,
			);
			defaultConfigurationIsVisible = 0;
			defaultConfigurationName = Release;
		};
/* End XCConfigurationList section */

/* Begin XCRemoteSwiftPackageReference section */
		780959EB2A02A9440043E722 /* XCRemoteSwiftPackageReference "SpringAnimation" */ = {
			isa = XCRemoteSwiftPackageReference;
			repositoryURL = "https://github.com/LexDeBash/SpringAnimation";
			requirement = {
				branch = main;
				kind = branch;
			};
		};
/* End XCRemoteSwiftPackageReference section */

/* Begin XCSwiftPackageProductDependency section */
		780959EC2A02A9440043E722 /* SpringAnimation */ = {
			isa = XCSwiftPackageProductDependency;
			package = 780959EB2A02A9440043E722 /* XCRemoteSwiftPackageReference "SpringAnimation" */;
			productName = SpringAnimation;
		};
/* End XCSwiftPackageProductDependency section */
	};
	rootObject = 780959C52A02A78B0043E722 /* Project object */;
}
